
Microsoft Visual Studio Solution File, Format Version 12.00
# Visual Studio Version 16
VisualStudioVersion = 16.0.29123.88
MinimumVisualStudioVersion = 10.0.40219.1
Project("{2150E333-8FDC-42A3-9474-1A3956D46DE8}") = "src", "src", "{52E82AF3-D630-4ED7-9BEA-A943DBEB6A9A}"
EndProject
Project("{2150E333-8FDC-42A3-9474-1A3956D46DE8}") = "services", "services", "{E0FB17E9-259E-4F96-B4AA-EDA63EFAA76B}"
EndProject
Project("{9A19103F-16F7-4668-BE54-9A1E7A4F7556}") = "Happy5SocialMedia.Common", "Happy5SocialMedia.Common\Happy5SocialMedia.Common.csproj", "{1BF36B8B-34A0-41D2-B032-DA257BB06925}"
EndProject
Project("{2150E333-8FDC-42A3-9474-1A3956D46DE8}") = "presentation", "presentation", "{171AB55A-86B8-4B7E-9544-5C64569954C1}"
EndProject
Project("{2150E333-8FDC-42A3-9474-1A3956D46DE8}") = "core", "core", "{60A9E2D1-2FA1-46A8-BEC1-E88C2E53CB3D}"
EndProject
Project("{9A19103F-16F7-4668-BE54-9A1E7A4F7556}") = "Happy5SocialMedia.User", "Happy5SocialMedia.User\Happy5SocialMedia.User.csproj", "{1CFD2421-5D55-463F-B2B1-9A301E978DD6}"
EndProject
Project("{9A19103F-16F7-4668-BE54-9A1E7A4F7556}") = "Happy5SocialMedia.Message", "Happy5SocialMedia.Message\Happy5SocialMedia.Message.csproj", "{A27BC5B7-724C-4D62-895E-20CF07AB47E9}"
EndProject
Project("{9A19103F-16F7-4668-BE54-9A1E7A4F7556}") = "Happy5SocialMedia.Activity", "Happy5SocialMedia.Activity\Happy5SocialMedia.Activity.csproj", "{6FB8DC9D-AE5E-487C-BEF4-42D4AB4B476B}"
EndProject
Project("{2150E333-8FDC-42A3-9474-1A3956D46DE8}") = "Mobile", "Mobile", "{C8A3844F-F07D-45A5-ABF7-146B458674E9}"
EndProject
Project("{2150E333-8FDC-42A3-9474-1A3956D46DE8}") = "Web", "Web", "{7B3A2C08-7F68-4F2E-98C7-088216A41107}"
EndProject
Project("{2150E333-8FDC-42A3-9474-1A3956D46DE8}") = "Dekstop", "Dekstop", "{938275EB-A27F-4D91-A689-2F065DD7B1C1}"
EndProject
Project("{E53339B2-1760-4266-BCC7-CA923CBCF16C}") = "docker-compose", "docker-compose.dcproj", "{AC44F282-0D3A-4A27-89F0-78346E6C6443}"
EndProject
Project("{9A19103F-16F7-4668-BE54-9A1E7A4F7556}") = "Happy5SocialMedia", "Happy5SocialMedia\Happy5SocialMedia.csproj", "{1CE93EC3-485F-403E-A2C5-35AC1F3438B6}"
EndProject
Project("{9A19103F-16F7-4668-BE54-9A1E7A4F7556}") = "Happy5SocialMedia.ApiGateway", "Happy5SocialMedia.ApiGateway\Happy5SocialMedia.ApiGateway.csproj", "{CEFE10E3-AAEA-4277-95E2-2F203606EB76}"
EndProject
Global
	GlobalSection(SolutionConfigurationPlatforms) = preSolution
		Debug|Any CPU = Debug|Any CPU
		Release|Any CPU = Release|Any CPU
	EndGlobalSection
	GlobalSection(ProjectConfigurationPlatforms) = postSolution
		{1BF36B8B-34A0-41D2-B032-DA257BB06925}.Debug|Any CPU.ActiveCfg = Debug|Any CPU
		{1BF36B8B-34A0-41D2-B032-DA257BB06925}.Debug|Any CPU.Build.0 = Debug|Any CPU
		{1BF36B8B-34A0-41D2-B032-DA257BB06925}.Release|Any CPU.ActiveCfg = Release|Any CPU
		{1BF36B8B-34A0-41D2-B032-DA257BB06925}.Release|Any CPU.Build.0 = Release|Any CPU
		{1CFD2421-5D55-463F-B2B1-9A301E978DD6}.Debug|Any CPU.ActiveCfg = Debug|Any CPU
		{1CFD2421-5D55-463F-B2B1-9A301E978DD6}.Debug|Any CPU.Build.0 = Debug|Any CPU
		{1CFD2421-5D55-463F-B2B1-9A301E978DD6}.Release|Any CPU.ActiveCfg = Release|Any CPU
		{1CFD2421-5D55-463F-B2B1-9A301E978DD6}.Release|Any CPU.Build.0 = Release|Any CPU
		{A27BC5B7-724C-4D62-895E-20CF07AB47E9}.Debug|Any CPU.ActiveCfg = Debug|Any CPU
		{A27BC5B7-724C-4D62-895E-20CF07AB47E9}.Debug|Any CPU.Build.0 = Debug|Any CPU
		{A27BC5B7-724C-4D62-895E-20CF07AB47E9}.Release|Any CPU.ActiveCfg = Release|Any CPU
		{A27BC5B7-724C-4D62-895E-20CF07AB47E9}.Release|Any CPU.Build.0 = Release|Any CPU
		{6FB8DC9D-AE5E-487C-BEF4-42D4AB4B476B}.Debug|Any CPU.ActiveCfg = Debug|Any CPU
		{6FB8DC9D-AE5E-487C-BEF4-42D4AB4B476B}.Debug|Any CPU.Build.0 = Debug|Any CPU
		{6FB8DC9D-AE5E-487C-BEF4-42D4AB4B476B}.Release|Any CPU.ActiveCfg = Release|Any CPU
		{6FB8DC9D-AE5E-487C-BEF4-42D4AB4B476B}.Release|Any CPU.Build.0 = Release|Any CPU
		{AC44F282-0D3A-4A27-89F0-78346E6C6443}.Debug|Any CPU.ActiveCfg = Debug|Any CPU
		{AC44F282-0D3A-4A27-89F0-78346E6C6443}.Debug|Any CPU.Build.0 = Debug|Any CPU
		{AC44F282-0D3A-4A27-89F0-78346E6C6443}.Release|Any CPU.ActiveCfg = Release|Any CPU
		{AC44F282-0D3A-4A27-89F0-78346E6C6443}.Release|Any CPU.Build.0 = Release|Any CPU
		{1CE93EC3-485F-403E-A2C5-35AC1F3438B6}.Debug|Any CPU.ActiveCfg = Debug|Any CPU
		{1CE93EC3-485F-403E-A2C5-35AC1F3438B6}.Debug|Any CPU.Build.0 = Debug|Any CPU
		{1CE93EC3-485F-403E-A2C5-35AC1F3438B6}.Release|Any CPU.ActiveCfg = Release|Any CPU
		{1CE93EC3-485F-403E-A2C5-35AC1F3438B6}.Release|Any CPU.Build.0 = Release|Any CPU
		{CEFE10E3-AAEA-4277-95E2-2F203606EB76}.Debug|Any CPU.ActiveCfg = Debug|Any CPU
		{CEFE10E3-AAEA-4277-95E2-2F203606EB76}.Debug|Any CPU.Build.0 = Debug|Any CPU
		{CEFE10E3-AAEA-4277-95E2-2F203606EB76}.Release|Any CPU.ActiveCfg = Release|Any CPU
		{CEFE10E3-AAEA-4277-95E2-2F203606EB76}.Release|Any CPU.Build.0 = Release|Any CPU
	EndGlobalSection
	GlobalSection(SolutionProperties) = preSolution
		HideSolutionNode = FALSE
	EndGlobalSection
	GlobalSection(NestedProjects) = preSolution
		{E0FB17E9-259E-4F96-B4AA-EDA63EFAA76B} = {52E82AF3-D630-4ED7-9BEA-A943DBEB6A9A}
		{1BF36B8B-34A0-41D2-B032-DA257BB06925} = {60A9E2D1-2FA1-46A8-BEC1-E88C2E53CB3D}
		{171AB55A-86B8-4B7E-9544-5C64569954C1} = {52E82AF3-D630-4ED7-9BEA-A943DBEB6A9A}
		{60A9E2D1-2FA1-46A8-BEC1-E88C2E53CB3D} = {52E82AF3-D630-4ED7-9BEA-A943DBEB6A9A}
		{1CFD2421-5D55-463F-B2B1-9A301E978DD6} = {E0FB17E9-259E-4F96-B4AA-EDA63EFAA76B}
		{A27BC5B7-724C-4D62-895E-20CF07AB47E9} = {E0FB17E9-259E-4F96-B4AA-EDA63EFAA76B}
		{6FB8DC9D-AE5E-487C-BEF4-42D4AB4B476B} = {E0FB17E9-259E-4F96-B4AA-EDA63EFAA76B}
		{C8A3844F-F07D-45A5-ABF7-146B458674E9} = {171AB55A-86B8-4B7E-9544-5C64569954C1}
		{7B3A2C08-7F68-4F2E-98C7-088216A41107} = {171AB55A-86B8-4B7E-9544-5C64569954C1}
		{938275EB-A27F-4D91-A689-2F065DD7B1C1} = {171AB55A-86B8-4B7E-9544-5C64569954C1}
		{1CE93EC3-485F-403E-A2C5-35AC1F3438B6} = {7B3A2C08-7F68-4F2E-98C7-088216A41107}
		{CEFE10E3-AAEA-4277-95E2-2F203606EB76} = {E0FB17E9-259E-4F96-B4AA-EDA63EFAA76B}
	EndGlobalSection
	GlobalSection(ExtensibilityGlobals) = postSolution
		SolutionGuid = {99285C4D-79AB-49EF-A2A9-9254BAAB21E1}
	EndGlobalSection
EndGlobal
